
Microsoft Visual Studio Solution File, Format Version 12.00
# Visual Studio Version 17
VisualStudioVersion = 17.14.37216.2 d17.14
MinimumVisualStudioVersion = 10.0.40219.1
Project("{F184B08F-C81C-45F6-A57F-5ABD9991F28F}") = "InventorAddIn2", "InventorAddIn2\InventorAddIn2.vbproj", "{CADCB243-E6AD-41EB-96FA-D546391E076C}"
EndProject
Global
	GlobalSection(SolutionConfigurationPlatforms) = preSolution
		Debug|Any CPU = Debug|Any CPU
		Release|Any CPU = Release|Any CPU
	EndGlobalSection
	GlobalSection(ProjectConfigurationPlatforms) = postSolution
		{CADCB243-E6AD-41EB-96FA-D546391E076C}.Debug|Any CPU.ActiveCfg = Debug|Any CPU
		{CADCB243-E6AD-41EB-96FA-D546391E076C}.Debug|Any CPU.Build.0 = Debug|Any CPU
		{CADCB243-E6AD-41EB-96FA-D546391E076C}.Release|Any CPU.ActiveCfg = Release|Any CPU
		{CADCB243-E6AD-41EB-96FA-D546391E076C}.Release|Any CPU.Build.0 = Release|Any CPU
	EndGlobalSection
	GlobalSection(SolutionProperties) = preSolution
		HideSolutionNode = FALSE
	EndGlobalSection
	GlobalSection(ExtensibilityGlobals) = postSolution
		SolutionGuid = {F3F386BC-7D4A-4169-A04A-D42140756A9F}
	EndGlobalSection
EndGlobal
